
Microsoft Visual Studio Solution File, Format Version 12.00
# Visual Studio Version 17
VisualStudioVersion = 17.0.31314.256
MinimumVisualStudioVersion = 10.0.40219.1
Project("{2150E333-8FDC-42A3-9474-1A3956D46DE8}") = "Engine", "Engine", "{233774A8-CC9D-3FA9-86D1-90573E92B704}"
EndProject
Project("{2150E333-8FDC-42A3-9474-1A3956D46DE8}") = "Games", "Games", "{DE1F8B53-6C02-3C13-9101-A7C8D96F3FF6}"
EndProject
Project("{8BC9CEB8-8B4A-11D0-8D11-00A0C91BC942}") = "BobAndAlice_5_2", "Intermediate\ProjectFiles\BobAndAlice_5_2.vcxproj", "{69CC2C83-EB03-346A-A438-D21EAF17E329}"
EndProject
Project("{8BC9CEB8-8B4A-11D0-8D11-00A0C91BC942}") = "UE5", "Intermediate\ProjectFiles\UE5.vcxproj", "{7ACBB66A-FBCB-3138-A427-BAD9A2FBE505}"
EndProject
Project("{2150E333-8FDC-42A3-9474-1A3956D46DE8}") = "Visualizers", "Visualizers", "{1CCEC849-CC72-4C59-8C36-2F7C38706D4C}"
	ProjectSection(SolutionItems) = preProject
		D:\UE_5.2\Engine\Extras\VisualStudioDebugging\Unreal.natvis = D:\UE_5.2\Engine\Extras\VisualStudioDebugging\Unreal.natvis
	EndProjectSection
EndProject
Global
	GlobalSection(SolutionConfigurationPlatforms) = preSolution
		DebugGame Editor|Win64 = DebugGame Editor|Win64
		DebugGame|Win64 = DebugGame|Win64
		Development Editor|Win64 = Development Editor|Win64
		Development|Win64 = Development|Win64
		Shipping|Win64 = Shipping|Win64
	EndGlobalSection
	# UnrealVS Section
	GlobalSection(ddbf523f-7eb6-4887-bd51-85a714ff87eb) = preSolution
		AvailablePlatforms=Win64
	EndGlobalSection
	GlobalSection(ProjectConfigurationPlatforms) = postSolution
		{69CC2C83-EB03-346A-A438-D21EAF17E329}.DebugGame Editor|Win64.ActiveCfg = DebugGame_Editor|x64
		{69CC2C83-EB03-346A-A438-D21EAF17E329}.DebugGame Editor|Win64.Build.0 = DebugGame_Editor|x64
		{69CC2C83-EB03-346A-A438-D21EAF17E329}.DebugGame|Win64.ActiveCfg = DebugGame|x64
		{69CC2C83-EB03-346A-A438-D21EAF17E329}.DebugGame|Win64.Build.0 = DebugGame|x64
		{69CC2C83-EB03-346A-A438-D21EAF17E329}.Development Editor|Win64.ActiveCfg = Development_Editor|x64
		{69CC2C83-EB03-346A-A438-D21EAF17E329}.Development Editor|Win64.Build.0 = Development_Editor|x64
		{69CC2C83-EB03-346A-A438-D21EAF17E329}.Development|Win64.ActiveCfg = Development|x64
		{69CC2C83-EB03-346A-A438-D21EAF17E329}.Development|Win64.Build.0 = Development|x64
		{69CC2C83-EB03-346A-A438-D21EAF17E329}.Shipping|Win64.ActiveCfg = Shipping|x64
		{69CC2C83-EB03-346A-A438-D21EAF17E329}.Shipping|Win64.Build.0 = Shipping|x64
		{7ACBB66A-FBCB-3138-A427-BAD9A2FBE505}.DebugGame Editor|Win64.ActiveCfg = BuiltWithUnrealBuildTool|Win64
		{7ACBB66A-FBCB-3138-A427-BAD9A2FBE505}.DebugGame|Win64.ActiveCfg = BuiltWithUnrealBuildTool|Win64
		{7ACBB66A-FBCB-3138-A427-BAD9A2FBE505}.Development Editor|Win64.ActiveCfg = BuiltWithUnrealBuildTool|Win64
		{7ACBB66A-FBCB-3138-A427-BAD9A2FBE505}.Development|Win64.ActiveCfg = BuiltWithUnrealBuildTool|Win64
		{7ACBB66A-FBCB-3138-A427-BAD9A2FBE505}.Shipping|Win64.ActiveCfg = BuiltWithUnrealBuildTool|Win64
	EndGlobalSection
	GlobalSection(SolutionProperties) = preSolution
		HideSolutionNode = FALSE
	EndGlobalSection
	GlobalSection(NestedProjects) = preSolution
		{7ACBB66A-FBCB-3138-A427-BAD9A2FBE505} = {233774A8-CC9D-3FA9-86D1-90573E92B704}
		{69CC2C83-EB03-346A-A438-D21EAF17E329} = {DE1F8B53-6C02-3C13-9101-A7C8D96F3FF6}
	EndGlobalSection
EndGlobal
